# THIS IS AN AUTOGENERATED FILE. DO NOT EDIT THIS FILE DIRECTLY.
# yarn lockfile v1


croppie@^2.6.4:
  version "2.6.4"
  resolved "https://registry.yarnpkg.com/croppie/-/croppie-2.6.4.tgz#7477b8c5af560c09841f7c84f55066ba128544da"
  integrity sha512-dK2gP7nmAuzMP8TU+JNPOmZJkMyp5VPMJxE/uvmiOC7Vzwon333eo2i9T40D5rqm9NrBJU/ovAyg7xDX2Swaiw==

jquery@^3.4.1:
  version "3.4.1"
  resolved "https://registry.yarnpkg.com/jquery/-/jquery-3.4.1.tgz#714f1f8d9dde4bdfa55764ba37ef214630d80ef2"
  integrity sha512-36+AdBzCL+y6qjw5Tx7HgzeGCzC81MDDgaUP8ld2zhx58HdqXGoBd+tHdrBMiyjGQs0Hxs/MLZTu/eHNJJuWPw==
